
Microsoft Visual Studio Solution File, Format Version 12.00
# Visual Studio Version 17
VisualStudioVersion = 17.5.33530.505
MinimumVisualStudioVersion = 10.0.40219.1
Project("{FAE04EC0-301F-11D3-BF4B-00C04F79EFBC}") = "FirstBlazorApp", "FirstBlazorApp\FirstBlazorApp.csproj", "{91E20F3D-6A21-4571-83F8-B547552F6BF5}"
EndProject
Global
	GlobalSection(SolutionConfigurationPlatforms) = preSolution
		Debug|Any CPU = Debug|Any CPU
		Release|Any CPU = Release|Any CPU
	EndGlobalSection
	GlobalSection(ProjectConfigurationPlatforms) = postSolution
		{91E20F3D-6A21-4571-83F8-B547552F6BF5}.Debug|Any CPU.ActiveCfg = Debug|Any CPU
		{91E20F3D-6A21-4571-83F8-B547552F6BF5}.Debug|Any CPU.Build.0 = Debug|Any CPU
		{91E20F3D-6A21-4571-83F8-B547552F6BF5}.Release|Any CPU.ActiveCfg = Release|Any CPU
		{91E20F3D-6A21-4571-83F8-B547552F6BF5}.Release|Any CPU.Build.0 = Release|Any CPU
	EndGlobalSection
	GlobalSection(SolutionProperties) = preSolution
		HideSolutionNode = FALSE
	EndGlobalSection
	GlobalSection(ExtensibilityGlobals) = postSolution
		SolutionGuid = {5450C7E5-E5AC-45CC-BC89-BD3632E803B2}
	EndGlobalSection
EndGlobal
